PODS:
  - CollectionAlignedLayout (0.2.0)
  - Nimble (9.2.1)
  - Quick (2.2.0)

DEPENDENCIES:
  - CollectionAlignedLayout (from `../`)
  - Nimble
  - Quick

SPEC REPOS:
  trunk:
    - Nimble
    - Quick

EXTERNAL SOURCES:
  CollectionAlignedLayout:
    :path: "../"

SPEC CHECKSUMS:
  CollectionAlignedLayout: 3e74ff188faf7984f0a3bfc3753ab8c7056bc74c
  Nimble: e7e615c0335ee4bf5b0d786685451e62746117d5
  Quick: 7fb19e13be07b5dfb3b90d4f9824c855a11af40e

PODFILE CHECKSUM: 6ff1248356e6815fd865b27460a999cfc2d00998

COCOAPODS: 1.10.0
