PODS:
  - CollectionAlignedLayout (0.2.0)
  - Nimble (8.0.9)
  - Quick (2.2.0)

DEPENDENCIES:
  - CollectionAlignedLayout (from `../`)
  - Nimble
  - Quick

SPEC REPOS:
  trunk:
    - Nimble
    - Quick

EXTERNAL SOURCES:
  CollectionAlignedLayout:
    :path: "../"

SPEC CHECKSUMS:
  CollectionAlignedLayout: 96ab60022d971b522855a90c784074f29af22cb3
  Nimble: 98b888285a615fd34f20e61753cf58ea1402bde4
  Quick: 7fb19e13be07b5dfb3b90d4f9824c855a11af40e

PODFILE CHECKSUM: 08866db35a4bcae9b6b8f228f6f0a5123bab2637

COCOAPODS: 1.9.3
